
Microsoft Visual Studio Solution File, Format Version 12.00
Project("{FAE04EC0-301F-11D3-BF4B-00C04F79EFBC}") = "Watson", "Watson\Watson.csproj", "{7E588589-29F7-41DF-8D50-0BD1E6F9B81C}"
EndProject
Project("{2150E333-8FDC-42A3-9474-1A3956D46DE8}") = "App", "App", "{66E4B8C2-C0CD-46A5-BE26-8F9B7C1345F4}"
EndProject
Project("{FAE04EC0-301F-11D3-BF4B-00C04F79EFBC}") = "Watson.Core", "Watson.Core\Watson.Core.csproj", "{D803D775-AEBD-4CCD-82C5-230911E3D75A}"
EndProject
Project("{2150E333-8FDC-42A3-9474-1A3956D46DE8}") = "Tests", "Tests", "{F12AF532-CEF9-4F47-9966-4F358ABACE71}"
EndProject
Project("{FAE04EC0-301F-11D3-BF4B-00C04F79EFBC}") = "Watson.Tests", "Tests\Watson.Tests\Watson.Tests.csproj", "{728AC125-8C46-4CAE-A154-593B3FF167AA}"
EndProject
Project("{2150E333-8FDC-42A3-9474-1A3956D46DE8}") = "Utils", "Utils", "{EFE198BC-405E-4E47-BE2F-39CA6B1CE830}"
EndProject
Project("{FAE04EC0-301F-11D3-BF4B-00C04F79EFBC}") = "GenerateRandomData", "Utils\GenerateRandomData\GenerateRandomData.csproj", "{554A82A5-BE61-461F-85A5-1910C363D889}"
EndProject
Project("{2150E333-8FDC-42A3-9474-1A3956D46DE8}") = "Solution items", "Solution items", "{188837EB-41B1-468E-8E4E-210777770B2F}"
EndProject
Project("{2150E333-8FDC-42A3-9474-1A3956D46DE8}") = "CI", "CI", "{C20AB20B-463D-4494-A80B-FBFBB1C9B394}"
	ProjectSection(SolutionItems) = preProject
		..\.github\workflows\ci.yaml = ..\.github\workflows\ci.yaml
	EndProjectSection
EndProject
Project("{2150E333-8FDC-42A3-9474-1A3956D46DE8}") = "Docs", "Docs", "{A2E111FF-B725-473D-9978-5CBBE65B4423}"
EndProject
Global
	GlobalSection(SolutionConfigurationPlatforms) = preSolution
		Debug|Any CPU = Debug|Any CPU
		Release|Any CPU = Release|Any CPU
	EndGlobalSection
	GlobalSection(ProjectConfigurationPlatforms) = postSolution
		{7E588589-29F7-41DF-8D50-0BD1E6F9B81C}.Debug|Any CPU.ActiveCfg = Debug|Any CPU
		{7E588589-29F7-41DF-8D50-0BD1E6F9B81C}.Debug|Any CPU.Build.0 = Debug|Any CPU
		{7E588589-29F7-41DF-8D50-0BD1E6F9B81C}.Release|Any CPU.ActiveCfg = Release|Any CPU
		{7E588589-29F7-41DF-8D50-0BD1E6F9B81C}.Release|Any CPU.Build.0 = Release|Any CPU
		{D803D775-AEBD-4CCD-82C5-230911E3D75A}.Debug|Any CPU.ActiveCfg = Debug|Any CPU
		{D803D775-AEBD-4CCD-82C5-230911E3D75A}.Debug|Any CPU.Build.0 = Debug|Any CPU
		{D803D775-AEBD-4CCD-82C5-230911E3D75A}.Release|Any CPU.ActiveCfg = Release|Any CPU
		{D803D775-AEBD-4CCD-82C5-230911E3D75A}.Release|Any CPU.Build.0 = Release|Any CPU
		{728AC125-8C46-4CAE-A154-593B3FF167AA}.Debug|Any CPU.ActiveCfg = Debug|Any CPU
		{728AC125-8C46-4CAE-A154-593B3FF167AA}.Debug|Any CPU.Build.0 = Debug|Any CPU
		{728AC125-8C46-4CAE-A154-593B3FF167AA}.Release|Any CPU.ActiveCfg = Release|Any CPU
		{728AC125-8C46-4CAE-A154-593B3FF167AA}.Release|Any CPU.Build.0 = Release|Any CPU
		{554A82A5-BE61-461F-85A5-1910C363D889}.Debug|Any CPU.ActiveCfg = Debug|Any CPU
		{554A82A5-BE61-461F-85A5-1910C363D889}.Debug|Any CPU.Build.0 = Debug|Any CPU
		{554A82A5-BE61-461F-85A5-1910C363D889}.Release|Any CPU.ActiveCfg = Release|Any CPU
		{554A82A5-BE61-461F-85A5-1910C363D889}.Release|Any CPU.Build.0 = Release|Any CPU
	EndGlobalSection
	GlobalSection(NestedProjects) = preSolution
		{7E588589-29F7-41DF-8D50-0BD1E6F9B81C} = {66E4B8C2-C0CD-46A5-BE26-8F9B7C1345F4}
		{D803D775-AEBD-4CCD-82C5-230911E3D75A} = {66E4B8C2-C0CD-46A5-BE26-8F9B7C1345F4}
		{728AC125-8C46-4CAE-A154-593B3FF167AA} = {F12AF532-CEF9-4F47-9966-4F358ABACE71}
		{554A82A5-BE61-461F-85A5-1910C363D889} = {EFE198BC-405E-4E47-BE2F-39CA6B1CE830}
		{C20AB20B-463D-4494-A80B-FBFBB1C9B394} = {188837EB-41B1-468E-8E4E-210777770B2F}
		{A2E111FF-B725-473D-9978-5CBBE65B4423} = {188837EB-41B1-468E-8E4E-210777770B2F}
	EndGlobalSection
EndGlobal
